{
  "pins" : [
    {
      "identity" : "bson",
      "kind" : "remoteSourceControl",
      "location" : "https://github.com/orlandos-nl/BSON.git",
      "state" : {
        "revision" : "944dfb3b0eb028f477c25ba6a071181de8ab903a",
        "version" : "8.0.10"
      }
    },
    {
      "identity" : "dnsclient",
      "kind" : "remoteSourceControl",
      "location" : "https://github.com/orlandos-nl/DNSClient.git",
      "state" : {
        "revision" : "770249dcb7259c486f2d68c164091b115ccb765f",
        "version" : "2.2.1"
      }
    },
    {
      "identity" : "mongokitten",
      "kind" : "remoteSourceControl",
      "location" : "https://github.com/orlandos-nl/MongoKitten",
      "state" : {
        "revision" : "f05069c3420af2f910e28ca5ce0933215b3af58a",
        "version" : "7.7.2"
      }
    },
    {
      "identity" : "openssl",
      "kind" : "remoteSourceControl",
      "location" : "https://github.com/krzyzanowskim/OpenSSL",
      "state" : {
        "revision" : "5ae21d0c6dd75356df6a1b68d7ab2153f3b8181f",
        "version" : "3.1.3001"
      }
    },
    {
      "identity" : "swift-atomics",
      "kind" : "remoteSourceControl",
      "location" : "https://github.com/apple/swift-atomics.git",
      "state" : {
        "revision" : "cd142fd2f64be2100422d658e7411e39489da985",
        "version" : "1.2.0"
      }
    },
    {
      "identity" : "swift-collections",
      "kind" : "remoteSourceControl",
      "location" : "https://github.com/apple/swift-collections.git",
      "state" : {
        "revision" : "a902f1823a7ff3c9ab2fba0f992396b948eda307",
        "version" : "1.0.5"
      }
    },
    {
      "identity" : "swift-log",
      "kind" : "remoteSourceControl",
      "location" : "https://github.com/apple/swift-log.git",
      "state" : {
        "revision" : "532d8b529501fb73a2455b179e0bbb6d49b652ed",
        "version" : "1.5.3"
      }
    },
    {
      "identity" : "swift-metrics",
      "kind" : "remoteSourceControl",
      "location" : "https://github.com/apple/swift-metrics.git",
      "state" : {
        "revision" : "971ba26378ab69c43737ee7ba967a896cb74c0d1",
        "version" : "2.4.1"
      }
    },
    {
      "identity" : "swift-nio",
      "kind" : "remoteSourceControl",
      "location" : "https://github.com/apple/swift-nio.git",
      "state" : {
        "revision" : "853522d90871b4b63262843196685795b5008c46",
        "version" : "2.61.1"
      }
    },
    {
      "identity" : "swift-nio-ssl",
      "kind" : "remoteSourceControl",
      "location" : "https://github.com/apple/swift-nio-ssl.git",
      "state" : {
        "revision" : "320bd978cceb8e88c125dcbb774943a92f6286e9",
        "version" : "2.25.0"
      }
    },
    {
      "identity" : "zstd",
      "kind" : "remoteSourceControl",
      "location" : "https://github.com/facebook/zstd",
      "state" : {
        "revision" : "63779c798237346c2b245c546c40b72a5a5913fe",
        "version" : "1.5.5"
      }
    }
  ],
  "version" : 2
}
